
Microsoft Visual Studio Solution File, Format Version 12.00
# Visual Studio Version 17
VisualStudioVersion = 17.11.35219.272
MinimumVisualStudioVersion = 10.0.40219.1
Project("{FAE04EC0-301F-11D3-BF4B-00C04F79EFBC}") = "Text", "Text.csproj", "{A7AA710D-EB54-4642-85A4-03359B4A581B}"
EndProject
Project("{FAE04EC0-301F-11D3-BF4B-00C04F79EFBC}") = "Text.Application", "..\Text.Application\Text.Application.csproj", "{AA5F392E-BFAF-46D9-B6C5-0E889E7F887A}"
EndProject
Project("{FAE04EC0-301F-11D3-BF4B-00C04F79EFBC}") = "Text.Domain", "..\Text.Domain\Text.Domain.csproj", "{F96FBF80-3806-4E24-8041-5BFD7968F61D}"
EndProject
Project("{FAE04EC0-301F-11D3-BF4B-00C04F79EFBC}") = "Text.Infrastructure", "..\Text.Infrastructure\Text.Infrastructure.csproj", "{6CFB3828-829C-4BCE-8C79-147A523A127D}"
EndProject
Global
	GlobalSection(SolutionConfigurationPlatforms) = preSolution
		Debug|Any CPU = Debug|Any CPU
		Release|Any CPU = Release|Any CPU
	EndGlobalSection
	GlobalSection(ProjectConfigurationPlatforms) = postSolution
		{A7AA710D-EB54-4642-85A4-03359B4A581B}.Debug|Any CPU.ActiveCfg = Debug|Any CPU
		{A7AA710D-EB54-4642-85A4-03359B4A581B}.Debug|Any CPU.Build.0 = Debug|Any CPU
		{A7AA710D-EB54-4642-85A4-03359B4A581B}.Release|Any CPU.ActiveCfg = Release|Any CPU
		{A7AA710D-EB54-4642-85A4-03359B4A581B}.Release|Any CPU.Build.0 = Release|Any CPU
		{AA5F392E-BFAF-46D9-B6C5-0E889E7F887A}.Debug|Any CPU.ActiveCfg = Debug|Any CPU
		{AA5F392E-BFAF-46D9-B6C5-0E889E7F887A}.Debug|Any CPU.Build.0 = Debug|Any CPU
		{AA5F392E-BFAF-46D9-B6C5-0E889E7F887A}.Release|Any CPU.ActiveCfg = Release|Any CPU
		{AA5F392E-BFAF-46D9-B6C5-0E889E7F887A}.Release|Any CPU.Build.0 = Release|Any CPU
		{F96FBF80-3806-4E24-8041-5BFD7968F61D}.Debug|Any CPU.ActiveCfg = Debug|Any CPU
		{F96FBF80-3806-4E24-8041-5BFD7968F61D}.Debug|Any CPU.Build.0 = Debug|Any CPU
		{F96FBF80-3806-4E24-8041-5BFD7968F61D}.Release|Any CPU.ActiveCfg = Release|Any CPU
		{F96FBF80-3806-4E24-8041-5BFD7968F61D}.Release|Any CPU.Build.0 = Release|Any CPU
		{6CFB3828-829C-4BCE-8C79-147A523A127D}.Debug|Any CPU.ActiveCfg = Debug|Any CPU
		{6CFB3828-829C-4BCE-8C79-147A523A127D}.Debug|Any CPU.Build.0 = Debug|Any CPU
		{6CFB3828-829C-4BCE-8C79-147A523A127D}.Release|Any CPU.ActiveCfg = Release|Any CPU
		{6CFB3828-829C-4BCE-8C79-147A523A127D}.Release|Any CPU.Build.0 = Release|Any CPU
	EndGlobalSection
	GlobalSection(SolutionProperties) = preSolution
		HideSolutionNode = FALSE
	EndGlobalSection
	GlobalSection(ExtensibilityGlobals) = postSolution
		SolutionGuid = {9E70A9C3-C2E3-43E1-8446-BE60A7F156D3}
	EndGlobalSection
EndGlobal
